
Microsoft Visual Studio Solution File, Format Version 12.00
# Visual Studio 15
VisualStudioVersion = 15.0.27703.2035
MinimumVisualStudioVersion = 10.0.40219.1
Project("{FAE04EC0-301F-11D3-BF4B-00C04F79EFBC}") = "TTS", "TTS\TTS.csproj", "{B0DD680B-A140-4E6A-A9C3-EF7EA251617A}"
EndProject
Project("{54435603-DBB4-11D2-8724-00A0C9A8B90C}") = "TTS.Setup", "TTS.Setup\TTS.Setup.vdproj", "{C15A48B8-E63E-403E-91DF-9A8B2E4C5BDA}"
EndProject
Global
	GlobalSection(SolutionConfigurationPlatforms) = preSolution
		Debug|Any CPU = Debug|Any CPU
		Release|Any CPU = Release|Any CPU
	EndGlobalSection
	GlobalSection(ProjectConfigurationPlatforms) = postSolution
		{B0DD680B-A140-4E6A-A9C3-EF7EA251617A}.Debug|Any CPU.ActiveCfg = Debug|Any CPU
		{B0DD680B-A140-4E6A-A9C3-EF7EA251617A}.Debug|Any CPU.Build.0 = Debug|Any CPU
		{B0DD680B-A140-4E6A-A9C3-EF7EA251617A}.Release|Any CPU.ActiveCfg = Release|Any CPU
		{B0DD680B-A140-4E6A-A9C3-EF7EA251617A}.Release|Any CPU.Build.0 = Release|Any CPU
		{C15A48B8-E63E-403E-91DF-9A8B2E4C5BDA}.Debug|Any CPU.ActiveCfg = Debug
		{C15A48B8-E63E-403E-91DF-9A8B2E4C5BDA}.Release|Any CPU.ActiveCfg = Release
	EndGlobalSection
	GlobalSection(SolutionProperties) = preSolution
		HideSolutionNode = FALSE
	EndGlobalSection
	GlobalSection(ExtensibilityGlobals) = postSolution
		SolutionGuid = {40DD7CAA-0ED8-41EB-BA50-FB7AD776641B}
	EndGlobalSection
EndGlobal
