
Microsoft Visual Studio Solution File, Format Version 12.00
# Visual Studio 15
VisualStudioVersion = 15.0.27703.2035
MinimumVisualStudioVersion = 10.0.40219.1
Project("{FAE04EC0-301F-11D3-BF4B-00C04F79EFBC}") = "TTS", "TTS\TTS.csproj", "{B0DD680B-A140-4E6A-A9C3-EF7EA251617A}"
EndProject
Project("{54435603-DBB4-11D2-8724-00A0C9A8B90C}") = "TTS.Setup", "TTS.Setup\TTS.Setup.vdproj", "{DD33C260-05C6-4C54-B2B2-D7D244AFEA03}"
EndProject
Project("{2150E333-8FDC-42A3-9474-1A3956D46DE8}") = "Release", "Release", "{C949EE6E-EEF0-4BF8-8055-9BF2F3255CA8}"
	ProjectSection(SolutionItems) = preProject
		TTS.Setup\Release\setup.exe = TTS.Setup\Release\setup.exe
		TTS.Setup\Release\TTS.Setup.msi = TTS.Setup\Release\TTS.Setup.msi
	EndProjectSection
EndProject
Global
	GlobalSection(SolutionConfigurationPlatforms) = preSolution
		Debug|Any CPU = Debug|Any CPU
		Release|Any CPU = Release|Any CPU
	EndGlobalSection
	GlobalSection(ProjectConfigurationPlatforms) = postSolution
		{B0DD680B-A140-4E6A-A9C3-EF7EA251617A}.Debug|Any CPU.ActiveCfg = Debug|Any CPU
		{B0DD680B-A140-4E6A-A9C3-EF7EA251617A}.Debug|Any CPU.Build.0 = Debug|Any CPU
		{B0DD680B-A140-4E6A-A9C3-EF7EA251617A}.Release|Any CPU.ActiveCfg = Release|Any CPU
		{B0DD680B-A140-4E6A-A9C3-EF7EA251617A}.Release|Any CPU.Build.0 = Release|Any CPU
		{DD33C260-05C6-4C54-B2B2-D7D244AFEA03}.Debug|Any CPU.ActiveCfg = Debug
		{DD33C260-05C6-4C54-B2B2-D7D244AFEA03}.Release|Any CPU.ActiveCfg = Release
	EndGlobalSection
	GlobalSection(SolutionProperties) = preSolution
		HideSolutionNode = FALSE
	EndGlobalSection
	GlobalSection(ExtensibilityGlobals) = postSolution
		SolutionGuid = {40DD7CAA-0ED8-41EB-BA50-FB7AD776641B}
	EndGlobalSection
EndGlobal
